// !$*UTF8*$!
{
	archiveVersion = 1;
	classes = {
	};
	objectVersion = 77;
	objects = {

/* Begin PBXBuildFile section */
		0029F253BA68E6B4CA11E864 /* BootstrapPayload.swift in Sources */ = {isa = PBXBuildFile; fileRef = FA96977038D2F9F4EC31EF3D /* BootstrapPayload.swift */; };
		01083F180D3E8311A7E002C6 /* CreateGroupView.swift in Sources */ = {isa = PBXBuildFile; fileRef = BF781055530F3AF0953DE842 /* CreateGroupView.swift */; };
		09EC25786F839A9A840E509A /* ContentView.swift in Sources */ = {isa = PBXBuildFile; fileRef = 6E292A37C859D6BE12BE2376 /* ContentView.swift */; };
		1567BD34990CE37FB89521DF /* VideoCache.swift in Sources */ = {isa = PBXBuildFile; fileRef = C1FB5F184FBA9633C01BDFBC /* VideoCache.swift */; };
		16ADABAE1C78B394179DD74B /* ChatViewModel.swift in Sources */ = {isa = PBXBuildFile; fileRef = 76C1E6E24CEC0349F3C9A60A /* ChatViewModel.swift */; };
		1AA0059A3C3D6B195FB5615C /* SecurityLog.swift in Sources */ = {isa = PBXBuildFile; fileRef = 1C987955167382BF0E0E251C /* SecurityLog.swift */; };
		1F2DC6C7FF3C465CBD31ABA9 /* PendingInvitationsView.swift in Sources */ = {isa = PBXBuildFile; fileRef = C6867C765FBB9480D9E0D9FC /* PendingInvitationsView.swift */; };
		276E482D1A8B67CFB9B7ADF1 /* InvitationTransport.swift in Sources */ = {isa = PBXBuildFile; fileRef = C958564E515954D41E226897 /* InvitationTransport.swift */; };
		2DAB2E5F09CA9490F5C7CDF8 /* CallManager.swift in Sources */ = {isa = PBXBuildFile; fileRef = 485C53049C1128D91F1CA2DB /* CallManager.swift */; };
		33D3690E63750E20852336EE /* AudioCache.swift in Sources */ = {isa = PBXBuildFile; fileRef = 57DB304E93E815412ABA6010 /* AudioCache.swift */; };
		3B5518BB5C6DB07F6628E7BD /* ForkGroupView.swift in Sources */ = {isa = PBXBuildFile; fileRef = EC5B1B630CCFBA76B3C56C87 /* ForkGroupView.swift */; };
		3EC81E8DA76069452870626F /* QRScannerView.swift in Sources */ = {isa = PBXBuildFile; fileRef = 68F22F3B02C2C003269BA135 /* QRScannerView.swift */; };
		459BB52914DCD2B789CA689C /* MediaCrypto.swift in Sources */ = {isa = PBXBuildFile; fileRef = FBAE6FF501ED7880C298C7FC /* MediaCrypto.swift */; };
		4B45989EA613CA80A4D8FFCB /* ContactsView.swift in Sources */ = {isa = PBXBuildFile; fileRef = 7A14AE9A1C9F0583137C7797 /* ContactsView.swift */; };
		4CF5F8CBF1B249B01EC14D1C /* PersistenceStore.swift in Sources */ = {isa = PBXBuildFile; fileRef = 0E25D14293AC1BC6E3FB1E28 /* PersistenceStore.swift */; };
		4E0468C0A25E658173F4E628 /* ChatGroup.swift in Sources */ = {isa = PBXBuildFile; fileRef = F8FD22552EBCF23A89DB7700 /* ChatGroup.swift */; };
		4FC9AB234CCA9BFAA0B112F1 /* StellarChatApp.swift in Sources */ = {isa = PBXBuildFile; fileRef = 62FB83C87F9348F97EEDE0C8 /* StellarChatApp.swift */; };
		538C339B8E0F50F72DCB8F72 /* RelayerDefaults.generated.swift in Sources */ = {isa = PBXBuildFile; fileRef = 2CB66BD4710970306321664D /* RelayerDefaults.generated.swift */; };
		661B24EC80C52FD32C0DB020 /* PersistedModels.swift in Sources */ = {isa = PBXBuildFile; fileRef = 4705F8234AA6022CD782348E /* PersistedModels.swift */; };
		69502F4BED8DAE5BB7CDC5A6 /* SettingsView.swift in Sources */ = {isa = PBXBuildFile; fileRef = A02EB9B039C7C1DD45272FD1 /* SettingsView.swift */; };
		76E39A66EA185E3741BB902B /* Phase3Tests.swift in Sources */ = {isa = PBXBuildFile; fileRef = 30F3176E6A6E2A7C75F9CB47 /* Phase3Tests.swift */; };
		7C027F9FEC64BC2471784A58 /* InviteMemberView.swift in Sources */ = {isa = PBXBuildFile; fileRef = E8D38B6A8AA5A166074EA951 /* InviteMemberView.swift */; };
		7E322A06E7A5D688E206F2F3 /* WebRTC in Frameworks */ = {isa = PBXBuildFile; productRef = 3316A7A4CF4C52BEBFF32B30 /* WebRTC */; };
		816EB9A5EB988647F86E220B /* ContactAliasStore.swift in Sources */ = {isa = PBXBuildFile; fileRef = F67E0578F1C0DC64C2004D62 /* ContactAliasStore.swift */; };
		833FF1A77449454BF4ADC801 /* GroupInfoView.swift in Sources */ = {isa = PBXBuildFile; fileRef = 7446E889E7A95E042201A70D /* GroupInfoView.swift */; };
		8403CC60E770407C27CF89ED /* SwiftMLS in Frameworks */ = {isa = PBXBuildFile; productRef = 93FDE6A85EACB5AD144480F3 /* SwiftMLS */; };
		865234AA099329B7E4D41789 /* JoinGroupView.swift in Sources */ = {isa = PBXBuildFile; fileRef = 005C04E920D6B0FC3423EE24 /* JoinGroupView.swift */; };
		90B7D2930C07431EB75DBFB3 /* VoiceRecordButton.swift in Sources */ = {isa = PBXBuildFile; fileRef = 1E76AF13A26CCEC2E75C8310 /* VoiceRecordButton.swift */; };
		95489626E5CAD02D3CDB0207 /* StellarStrKey.swift in Sources */ = {isa = PBXBuildFile; fileRef = 3B047EE5C149FF06AF592DEB /* StellarStrKey.swift */; };
		9EABBA75189DA35E0BA71054 /* SearchView.swift in Sources */ = {isa = PBXBuildFile; fileRef = FD4DD514A884BAD2FC5B2D73 /* SearchView.swift */; };
		A49A5C6B2401EEB1847229DE /* QRCodeView.swift in Sources */ = {isa = PBXBuildFile; fileRef = F0C2E0A174CC0B050D6BADB3 /* QRCodeView.swift */; };
		A59B1DBBCD75C4882A4A7EF6 /* CallKitProvider.swift in Sources */ = {isa = PBXBuildFile; fileRef = A4A3E005A9C5AF2DE5743188 /* CallKitProvider.swift */; };
		AE25761903B1EA84D9AFADD2 /* ImageCache.swift in Sources */ = {isa = PBXBuildFile; fileRef = 8ACE473C3096412015326C52 /* ImageCache.swift */; };
		B5836D3E7760359CFB8C42AC /* GroupCrypto.swift in Sources */ = {isa = PBXBuildFile; fileRef = 8210CED65D67082D16673F07 /* GroupCrypto.swift */; };
		C78434B5880A2483C3DAF9E9 /* CallView.swift in Sources */ = {isa = PBXBuildFile; fileRef = 7E005C90D6C91D9810C11364 /* CallView.swift */; };
		CF17A18CDF1209DC9F6CA369 /* OnChainService.swift in Sources */ = {isa = PBXBuildFile; fileRef = 06014BB7573399F26644F9F6 /* OnChainService.swift */; };
		CFC4BB79BE2BD8A37F35D9D2 /* VerificationBadgeView.swift in Sources */ = {isa = PBXBuildFile; fileRef = F1F7647C522D0F7D1F86CE17 /* VerificationBadgeView.swift */; };
		D2E5C4CF0957DFE21E162979 /* SwiftMLS in Frameworks */ = {isa = PBXBuildFile; productRef = 48F22356AB515994AECC167E /* SwiftMLS */; };
		D6847B5213B8820FA30819D7 /* StorageEncryption.swift in Sources */ = {isa = PBXBuildFile; fileRef = FD61B2440CA5ED81C983DA87 /* StorageEncryption.swift */; };
		D6C3C9E90F39CCA80D2DD029 /* GroupListView.swift in Sources */ = {isa = PBXBuildFile; fileRef = 7C2B0F0A2A137DC1BE419CC3 /* GroupListView.swift */; };
		D80AA787557EC39AC88FF3F3 /* KeyAttestation.swift in Sources */ = {isa = PBXBuildFile; fileRef = 37304476C52093C0D34ECB92 /* KeyAttestation.swift */; };
		E10FD8A2E1B0D8169A2BEB15 /* BlossomClient.swift in Sources */ = {isa = PBXBuildFile; fileRef = 4FCDBA22391412C6D05BB99E /* BlossomClient.swift */; };
		E54951E56532C7FBD90317DE /* ChatView.swift in Sources */ = {isa = PBXBuildFile; fileRef = 70C111DF10AF94B4F95C4742 /* ChatView.swift */; };
		EDF053D5AE1660633B823B48 /* NostrEvent.swift in Sources */ = {isa = PBXBuildFile; fileRef = 703A9C8CDE76DF5C28608301 /* NostrEvent.swift */; };
		EFB9DF389A99555142550086 /* NostrMessageTransport.swift in Sources */ = {isa = PBXBuildFile; fileRef = CEE93134C2D32A03E89226B8 /* NostrMessageTransport.swift */; };
		F5E26B4C634D5DFCC4ECBD28 /* NostrRelayConnection.swift in Sources */ = {isa = PBXBuildFile; fileRef = B0884F32E9A807B2566DD234 /* NostrRelayConnection.swift */; };
		F7159773858364D2C8D16FE1 /* KeyManager.swift in Sources */ = {isa = PBXBuildFile; fileRef = F5EB556EBD80A9DC1A99F1F4 /* KeyManager.swift */; };
		FE754451C690FD52A395B8B2 /* Assets.xcassets in Resources */ = {isa = PBXBuildFile; fileRef = 8DCBEF2B216C8C9F10B6DDF4 /* Assets.xcassets */; };
/* End PBXBuildFile section */

/* Begin PBXContainerItemProxy section */
		1EFF7167A75DE1FC7EB88FF9 /* PBXContainerItemProxy */ = {
			isa = PBXContainerItemProxy;
			containerPortal = 251E05B18A6ED69B293D52CC /* Project object */;
			proxyType = 1;
			remoteGlobalIDString = 7E1AB0C084DAFEAB2A75FC86;
			remoteInfo = StellarChat;
		};
/* End PBXContainerItemProxy section */

/* Begin PBXFileReference section */
		005C04E920D6B0FC3423EE24 /* JoinGroupView.swift */ = {isa = PBXFileReference; lastKnownFileType = sourcecode.swift; path = JoinGroupView.swift; sourceTree = "<group>"; };
		03DDE39E8A2DC3CBF08D400C /* StellarChatTests.xctest */ = {isa = PBXFileReference; includeInIndex = 0; lastKnownFileType = wrapper.cfbundle; path = StellarChatTests.xctest; sourceTree = BUILT_PRODUCTS_DIR; };
		06014BB7573399F26644F9F6 /* OnChainService.swift */ = {isa = PBXFileReference; lastKnownFileType = sourcecode.swift; path = OnChainService.swift; sourceTree = "<group>"; };
		0E25D14293AC1BC6E3FB1E28 /* PersistenceStore.swift */ = {isa = PBXFileReference; lastKnownFileType = sourcecode.swift; path = PersistenceStore.swift; sourceTree = "<group>"; };
		1C987955167382BF0E0E251C /* SecurityLog.swift */ = {isa = PBXFileReference; lastKnownFileType = sourcecode.swift; path = SecurityLog.swift; sourceTree = "<group>"; };
		1E76AF13A26CCEC2E75C8310 /* VoiceRecordButton.swift */ = {isa = PBXFileReference; lastKnownFileType = sourcecode.swift; path = VoiceRecordButton.swift; sourceTree = "<group>"; };
		211AE30EB5115E4BB85D9084 /* swift-mls */ = {isa = PBXFileReference; lastKnownFileType = folder; name = "swift-mls"; path = "../../../swift-mls"; sourceTree = SOURCE_ROOT; };
		2CB66BD4710970306321664D /* RelayerDefaults.generated.swift */ = {isa = PBXFileReference; lastKnownFileType = sourcecode.swift; path = RelayerDefaults.generated.swift; sourceTree = "<group>"; };
		30F3176E6A6E2A7C75F9CB47 /* Phase3Tests.swift */ = {isa = PBXFileReference; lastKnownFileType = sourcecode.swift; path = Phase3Tests.swift; sourceTree = "<group>"; };
		37304476C52093C0D34ECB92 /* KeyAttestation.swift */ = {isa = PBXFileReference; lastKnownFileType = sourcecode.swift; path = KeyAttestation.swift; sourceTree = "<group>"; };
		3B047EE5C149FF06AF592DEB /* StellarStrKey.swift */ = {isa = PBXFileReference; lastKnownFileType = sourcecode.swift; path = StellarStrKey.swift; sourceTree = "<group>"; };
		4705F8234AA6022CD782348E /* PersistedModels.swift */ = {isa = PBXFileReference; lastKnownFileType = sourcecode.swift; path = PersistedModels.swift; sourceTree = "<group>"; };
		485C53049C1128D91F1CA2DB /* CallManager.swift */ = {isa = PBXFileReference; lastKnownFileType = sourcecode.swift; path = CallManager.swift; sourceTree = "<group>"; };
		4FCDBA22391412C6D05BB99E /* BlossomClient.swift */ = {isa = PBXFileReference; lastKnownFileType = sourcecode.swift; path = BlossomClient.swift; sourceTree = "<group>"; };
		57DB304E93E815412ABA6010 /* AudioCache.swift */ = {isa = PBXFileReference; lastKnownFileType = sourcecode.swift; path = AudioCache.swift; sourceTree = "<group>"; };
		62FB83C87F9348F97EEDE0C8 /* StellarChatApp.swift */ = {isa = PBXFileReference; lastKnownFileType = sourcecode.swift; path = StellarChatApp.swift; sourceTree = "<group>"; };
		68F22F3B02C2C003269BA135 /* QRScannerView.swift */ = {isa = PBXFileReference; lastKnownFileType = sourcecode.swift; path = QRScannerView.swift; sourceTree = "<group>"; };
		6E292A37C859D6BE12BE2376 /* ContentView.swift */ = {isa = PBXFileReference; lastKnownFileType = sourcecode.swift; path = ContentView.swift; sourceTree = "<group>"; };
		703A9C8CDE76DF5C28608301 /* NostrEvent.swift */ = {isa = PBXFileReference; lastKnownFileType = sourcecode.swift; path = NostrEvent.swift; sourceTree = "<group>"; };
		70C111DF10AF94B4F95C4742 /* ChatView.swift */ = {isa = PBXFileReference; lastKnownFileType = sourcecode.swift; path = ChatView.swift; sourceTree = "<group>"; };
		7446E889E7A95E042201A70D /* GroupInfoView.swift */ = {isa = PBXFileReference; lastKnownFileType = sourcecode.swift; path = GroupInfoView.swift; sourceTree = "<group>"; };
		76C1E6E24CEC0349F3C9A60A /* ChatViewModel.swift */ = {isa = PBXFileReference; lastKnownFileType = sourcecode.swift; path = ChatViewModel.swift; sourceTree = "<group>"; };
		7A14AE9A1C9F0583137C7797 /* ContactsView.swift */ = {isa = PBXFileReference; lastKnownFileType = sourcecode.swift; path = ContactsView.swift; sourceTree = "<group>"; };
		7C2B0F0A2A137DC1BE419CC3 /* GroupListView.swift */ = {isa = PBXFileReference; lastKnownFileType = sourcecode.swift; path = GroupListView.swift; sourceTree = "<group>"; };
		7E005C90D6C91D9810C11364 /* CallView.swift */ = {isa = PBXFileReference; lastKnownFileType = sourcecode.swift; path = CallView.swift; sourceTree = "<group>"; };
		8210CED65D67082D16673F07 /* GroupCrypto.swift */ = {isa = PBXFileReference; lastKnownFileType = sourcecode.swift; path = GroupCrypto.swift; sourceTree = "<group>"; };
		8ACE473C3096412015326C52 /* ImageCache.swift */ = {isa = PBXFileReference; lastKnownFileType = sourcecode.swift; path = ImageCache.swift; sourceTree = "<group>"; };
		8DCBEF2B216C8C9F10B6DDF4 /* Assets.xcassets */ = {isa = PBXFileReference; lastKnownFileType = folder.assetcatalog; path = Assets.xcassets; sourceTree = "<group>"; };
		A02EB9B039C7C1DD45272FD1 /* SettingsView.swift */ = {isa = PBXFileReference; lastKnownFileType = sourcecode.swift; path = SettingsView.swift; sourceTree = "<group>"; };
		A4A3E005A9C5AF2DE5743188 /* CallKitProvider.swift */ = {isa = PBXFileReference; lastKnownFileType = sourcecode.swift; path = CallKitProvider.swift; sourceTree = "<group>"; };
		B0884F32E9A807B2566DD234 /* NostrRelayConnection.swift */ = {isa = PBXFileReference; lastKnownFileType = sourcecode.swift; path = NostrRelayConnection.swift; sourceTree = "<group>"; };
		BF781055530F3AF0953DE842 /* CreateGroupView.swift */ = {isa = PBXFileReference; lastKnownFileType = sourcecode.swift; path = CreateGroupView.swift; sourceTree = "<group>"; };
		C1FB5F184FBA9633C01BDFBC /* VideoCache.swift */ = {isa = PBXFileReference; lastKnownFileType = sourcecode.swift; path = VideoCache.swift; sourceTree = "<group>"; };
		C6867C765FBB9480D9E0D9FC /* PendingInvitationsView.swift */ = {isa = PBXFileReference; lastKnownFileType = sourcecode.swift; path = PendingInvitationsView.swift; sourceTree = "<group>"; };
		C958564E515954D41E226897 /* InvitationTransport.swift */ = {isa = PBXFileReference; lastKnownFileType = sourcecode.swift; path = InvitationTransport.swift; sourceTree = "<group>"; };
		CEE93134C2D32A03E89226B8 /* NostrMessageTransport.swift */ = {isa = PBXFileReference; lastKnownFileType = sourcecode.swift; path = NostrMessageTransport.swift; sourceTree = "<group>"; };
		E8D38B6A8AA5A166074EA951 /* InviteMemberView.swift */ = {isa = PBXFileReference; lastKnownFileType = sourcecode.swift; path = InviteMemberView.swift; sourceTree = "<group>"; };
		EC5B1B630CCFBA76B3C56C87 /* ForkGroupView.swift */ = {isa = PBXFileReference; lastKnownFileType = sourcecode.swift; path = ForkGroupView.swift; sourceTree = "<group>"; };
		F0C2E0A174CC0B050D6BADB3 /* QRCodeView.swift */ = {isa = PBXFileReference; lastKnownFileType = sourcecode.swift; path = QRCodeView.swift; sourceTree = "<group>"; };
		F0F0E18BDAE3BFB365657BA8 /* Info.plist */ = {isa = PBXFileReference; lastKnownFileType = text.plist; path = Info.plist; sourceTree = "<group>"; };
		F1F7647C522D0F7D1F86CE17 /* VerificationBadgeView.swift */ = {isa = PBXFileReference; lastKnownFileType = sourcecode.swift; path = VerificationBadgeView.swift; sourceTree = "<group>"; };
		F406EABD519847834878AA47 /* StellarChat.app */ = {isa = PBXFileReference; explicitFileType = wrapper.application; includeInIndex = 0; path = StellarChat.app; sourceTree = BUILT_PRODUCTS_DIR; };
		F5EB556EBD80A9DC1A99F1F4 /* KeyManager.swift */ = {isa = PBXFileReference; lastKnownFileType = sourcecode.swift; path = KeyManager.swift; sourceTree = "<group>"; };
		F67E0578F1C0DC64C2004D62 /* ContactAliasStore.swift */ = {isa = PBXFileReference; lastKnownFileType = sourcecode.swift; path = ContactAliasStore.swift; sourceTree = "<group>"; };
		F8FD22552EBCF23A89DB7700 /* ChatGroup.swift */ = {isa = PBXFileReference; lastKnownFileType = sourcecode.swift; path = ChatGroup.swift; sourceTree = "<group>"; };
		FA96977038D2F9F4EC31EF3D /* BootstrapPayload.swift */ = {isa = PBXFileReference; lastKnownFileType = sourcecode.swift; path = BootstrapPayload.swift; sourceTree = "<group>"; };
		FBAE6FF501ED7880C298C7FC /* MediaCrypto.swift */ = {isa = PBXFileReference; lastKnownFileType = sourcecode.swift; path = MediaCrypto.swift; sourceTree = "<group>"; };
		FD4DD514A884BAD2FC5B2D73 /* SearchView.swift */ = {isa = PBXFileReference; lastKnownFileType = sourcecode.swift; path = SearchView.swift; sourceTree = "<group>"; };
		FD61B2440CA5ED81C983DA87 /* StorageEncryption.swift */ = {isa = PBXFileReference; lastKnownFileType = sourcecode.swift; path = StorageEncryption.swift; sourceTree = "<group>"; };
/* End PBXFileReference section */

/* Begin PBXFrameworksBuildPhase section */
		C69419576D437082081E4D43 /* Frameworks */ = {
			isa = PBXFrameworksBuildPhase;
			buildActionMask = 2147483647;
			files = (
				8403CC60E770407C27CF89ED /* SwiftMLS in Frameworks */,
				7E322A06E7A5D688E206F2F3 /* WebRTC in Frameworks */,
			);
			runOnlyForDeploymentPostprocessing = 0;
		};
		F232AFFD2C39C59C11C7FB3C /* Frameworks */ = {
			isa = PBXFrameworksBuildPhase;
			buildActionMask = 2147483647;
			files = (
				D2E5C4CF0957DFE21E162979 /* SwiftMLS in Frameworks */,
			);
			runOnlyForDeploymentPostprocessing = 0;
		};
/* End PBXFrameworksBuildPhase section */

/* Begin PBXGroup section */
		156F9CE2E835AC03BD150D68 /* Views */ = {
			isa = PBXGroup;
			children = (
				70C111DF10AF94B4F95C4742 /* ChatView.swift */,
				7A14AE9A1C9F0583137C7797 /* ContactsView.swift */,
				6E292A37C859D6BE12BE2376 /* ContentView.swift */,
				BF781055530F3AF0953DE842 /* CreateGroupView.swift */,
				EC5B1B630CCFBA76B3C56C87 /* ForkGroupView.swift */,
				7446E889E7A95E042201A70D /* GroupInfoView.swift */,
				7C2B0F0A2A137DC1BE419CC3 /* GroupListView.swift */,
				E8D38B6A8AA5A166074EA951 /* InviteMemberView.swift */,
				005C04E920D6B0FC3423EE24 /* JoinGroupView.swift */,
				C6867C765FBB9480D9E0D9FC /* PendingInvitationsView.swift */,
				F0C2E0A174CC0B050D6BADB3 /* QRCodeView.swift */,
				68F22F3B02C2C003269BA135 /* QRScannerView.swift */,
				FD4DD514A884BAD2FC5B2D73 /* SearchView.swift */,
				A02EB9B039C7C1DD45272FD1 /* SettingsView.swift */,
				F1F7647C522D0F7D1F86CE17 /* VerificationBadgeView.swift */,
				1E76AF13A26CCEC2E75C8310 /* VoiceRecordButton.swift */,
			);
			path = Views;
			sourceTree = "<group>";
		};
		237EA72C7CEF1AD9196D281B = {
			isa = PBXGroup;
			children = (
				ABDD2AD803B8C85F0ACC3714 /* Packages */,
				80602CB4E8F63DBA92D87C56 /* StellarChat */,
				C1AFFA22C05C5C880CC15516 /* StellarChatTests */,
				E290D72BA448D601D86C5E67 /* Products */,
			);
			sourceTree = "<group>";
		};
		23A47303C279700BCE7F944A /* Models */ = {
			isa = PBXGroup;
			children = (
				57DB304E93E815412ABA6010 /* AudioCache.swift */,
				4FCDBA22391412C6D05BB99E /* BlossomClient.swift */,
				FA96977038D2F9F4EC31EF3D /* BootstrapPayload.swift */,
				F8FD22552EBCF23A89DB7700 /* ChatGroup.swift */,
				F67E0578F1C0DC64C2004D62 /* ContactAliasStore.swift */,
				8210CED65D67082D16673F07 /* GroupCrypto.swift */,
				8ACE473C3096412015326C52 /* ImageCache.swift */,
				37304476C52093C0D34ECB92 /* KeyAttestation.swift */,
				F5EB556EBD80A9DC1A99F1F4 /* KeyManager.swift */,
				FBAE6FF501ED7880C298C7FC /* MediaCrypto.swift */,
				06014BB7573399F26644F9F6 /* OnChainService.swift */,
				4705F8234AA6022CD782348E /* PersistedModels.swift */,
				0E25D14293AC1BC6E3FB1E28 /* PersistenceStore.swift */,
				1C987955167382BF0E0E251C /* SecurityLog.swift */,
				3B047EE5C149FF06AF592DEB /* StellarStrKey.swift */,
				FD61B2440CA5ED81C983DA87 /* StorageEncryption.swift */,
				C1FB5F184FBA9633C01BDFBC /* VideoCache.swift */,
			);
			path = Models;
			sourceTree = "<group>";
		};
		4B01157F59B93E6CF03322E6 /* Call */ = {
			isa = PBXGroup;
			children = (
				A4A3E005A9C5AF2DE5743188 /* CallKitProvider.swift */,
				485C53049C1128D91F1CA2DB /* CallManager.swift */,
				7E005C90D6C91D9810C11364 /* CallView.swift */,
			);
			path = Call;
			sourceTree = "<group>";
		};
		80602CB4E8F63DBA92D87C56 /* StellarChat */ = {
			isa = PBXGroup;
			children = (
				8DCBEF2B216C8C9F10B6DDF4 /* Assets.xcassets */,
				F0F0E18BDAE3BFB365657BA8 /* Info.plist */,
				2CB66BD4710970306321664D /* RelayerDefaults.generated.swift */,
				62FB83C87F9348F97EEDE0C8 /* StellarChatApp.swift */,
				4B01157F59B93E6CF03322E6 /* Call */,
				23A47303C279700BCE7F944A /* Models */,
				F04F98010B05CF98606768DC /* Nostr */,
				93C6D05F9E220C987CC0880A /* ViewModels */,
				156F9CE2E835AC03BD150D68 /* Views */,
			);
			path = StellarChat;
			sourceTree = "<group>";
		};
		93C6D05F9E220C987CC0880A /* ViewModels */ = {
			isa = PBXGroup;
			children = (
				76C1E6E24CEC0349F3C9A60A /* ChatViewModel.swift */,
			);
			path = ViewModels;
			sourceTree = "<group>";
		};
		ABDD2AD803B8C85F0ACC3714 /* Packages */ = {
			isa = PBXGroup;
			children = (
				211AE30EB5115E4BB85D9084 /* swift-mls */,
			);
			name = Packages;
			sourceTree = "<group>";
		};
		C1AFFA22C05C5C880CC15516 /* StellarChatTests */ = {
			isa = PBXGroup;
			children = (
				30F3176E6A6E2A7C75F9CB47 /* Phase3Tests.swift */,
			);
			path = StellarChatTests;
			sourceTree = "<group>";
		};
		E290D72BA448D601D86C5E67 /* Products */ = {
			isa = PBXGroup;
			children = (
				F406EABD519847834878AA47 /* StellarChat.app */,
				03DDE39E8A2DC3CBF08D400C /* StellarChatTests.xctest */,
			);
			name = Products;
			sourceTree = "<group>";
		};
		F04F98010B05CF98606768DC /* Nostr */ = {
			isa = PBXGroup;
			children = (
				C958564E515954D41E226897 /* InvitationTransport.swift */,
				703A9C8CDE76DF5C28608301 /* NostrEvent.swift */,
				CEE93134C2D32A03E89226B8 /* NostrMessageTransport.swift */,
				B0884F32E9A807B2566DD234 /* NostrRelayConnection.swift */,
			);
			path = Nostr;
			sourceTree = "<group>";
		};
/* End PBXGroup section */

/* Begin PBXNativeTarget section */
		79B5A663264579340235CB0C /* StellarChatTests */ = {
			isa = PBXNativeTarget;
			buildConfigurationList = 8F07CBB989550D4B7B6A79F5 /* Build configuration list for PBXNativeTarget "StellarChatTests" */;
			buildPhases = (
				4063E533998C2EEFCEEA7B71 /* Sources */,
				F232AFFD2C39C59C11C7FB3C /* Frameworks */,
			);
			buildRules = (
			);
			dependencies = (
				0A32383649DC3296484785F9 /* PBXTargetDependency */,
			);
			name = StellarChatTests;
			packageProductDependencies = (
				48F22356AB515994AECC167E /* SwiftMLS */,
			);
			productName = StellarChatTests;
			productReference = 03DDE39E8A2DC3CBF08D400C /* StellarChatTests.xctest */;
			productType = "com.apple.product-type.bundle.unit-test";
		};
		7E1AB0C084DAFEAB2A75FC86 /* StellarChat */ = {
			isa = PBXNativeTarget;
			buildConfigurationList = AD86622DBF90D7F9FE95EC3B /* Build configuration list for PBXNativeTarget "StellarChat" */;
			buildPhases = (
				CE9CE4FC4CA0A94EAD3A494F /* Generate Relayer Defaults */,
				A1F09619AC4E0C9E792E7EC6 /* Sources */,
				19429B34CCDBB15661D0F552 /* Resources */,
				C69419576D437082081E4D43 /* Frameworks */,
			);
			buildRules = (
			);
			dependencies = (
			);
			name = StellarChat;
			packageProductDependencies = (
				93FDE6A85EACB5AD144480F3 /* SwiftMLS */,
				3316A7A4CF4C52BEBFF32B30 /* WebRTC */,
			);
			productName = StellarChat;
			productReference = F406EABD519847834878AA47 /* StellarChat.app */;
			productType = "com.apple.product-type.application";
		};
/* End PBXNativeTarget section */

/* Begin PBXProject section */
		251E05B18A6ED69B293D52CC /* Project object */ = {
			isa = PBXProject;
			attributes = {
				BuildIndependentTargetsInParallel = YES;
				LastUpgradeCheck = 1540;
				TargetAttributes = {
					79B5A663264579340235CB0C = {
						DevelopmentTeam = "";
						ProvisioningStyle = Automatic;
					};
					7E1AB0C084DAFEAB2A75FC86 = {
						ProvisioningStyle = Automatic;
					};
				};
			};
			buildConfigurationList = 1EE889F5EF36FC07081382F5 /* Build configuration list for PBXProject "StellarChat" */;
			developmentRegion = en;
			hasScannedForEncodings = 0;
			knownRegions = (
				Base,
				en,
			);
			mainGroup = 237EA72C7CEF1AD9196D281B;
			minimizedProjectReferenceProxies = 1;
			packageReferences = (
				4412B59CEE4013FEAFA94A8F /* XCRemoteSwiftPackageReference "WebRTC" */,
				F33EE2A00CAA98337DB93D99 /* XCLocalSwiftPackageReference "../../../swift-mls" */,
			);
			preferredProjectObjectVersion = 77;
			productRefGroup = E290D72BA448D601D86C5E67 /* Products */;
			projectDirPath = "";
			projectRoot = "";
			targets = (
				7E1AB0C084DAFEAB2A75FC86 /* StellarChat */,
				79B5A663264579340235CB0C /* StellarChatTests */,
			);
		};
/* End PBXProject section */

/* Begin PBXResourcesBuildPhase section */
		19429B34CCDBB15661D0F552 /* Resources */ = {
			isa = PBXResourcesBuildPhase;
			buildActionMask = 2147483647;
			files = (
				FE754451C690FD52A395B8B2 /* Assets.xcassets in Resources */,
			);
			runOnlyForDeploymentPostprocessing = 0;
		};
/* End PBXResourcesBuildPhase section */

/* Begin PBXShellScriptBuildPhase section */
		CE9CE4FC4CA0A94EAD3A494F /* Generate Relayer Defaults */ = {
			isa = PBXShellScriptBuildPhase;
			buildActionMask = 2147483647;
			files = (
			);
			inputFileListPaths = (
			);
			inputPaths = (
			);
			name = "Generate Relayer Defaults";
			outputFileListPaths = (
			);
			outputPaths = (
				"$(SRCROOT)/StellarChat/RelayerDefaults.generated.swift",
			);
			runOnlyForDeploymentPostprocessing = 0;
			shellPath = /bin/sh;
			shellScript = "ENV_FILE=\"${SRCROOT}/../../../relayer/.env\"\nROOT_ENV=\"${SRCROOT}/../../../.env\"\nOUT=\"${SRCROOT}/StellarChat/RelayerDefaults.generated.swift\"\nEP=\"\"; CID=\"\"; BIND=\"\"; AUTH=\"\"; DOMAIN=\"\"\nif [ -f \"$ENV_FILE\" ]; then\n  while IFS= read -r line || [ -n \"$line\" ]; do\n    case \"$line\" in \\#*|\"\") continue ;; esac\n    key=\"${line%%=*}\"; val=\"${line#*=}\"\n    val=\"${val%\\\"}\"; val=\"${val#\\\"}\"\n    case \"$key\" in\n      RELAYER_RPC_URL) EP=\"$val\" ;;\n      RELAYER_CONTRACT_ID) CID=\"$val\" ;;\n      RELAYER_BIND) BIND=\"$val\" ;;\n      RELAYER_AUTH_TOKENS) AUTH=\"${val%%,*}\" ;;\n    esac\n  done < \"$ENV_FILE\"\nfi\nif [ -f \"$ROOT_ENV\" ]; then\n  while IFS= read -r line || [ -n \"$line\" ]; do\n    case \"$line\" in \\#*|\"\") continue ;; esac\n    key=\"${line%%=*}\"; val=\"${line#*=}\"\n    val=\"${val%\\\"}\"; val=\"${val#\\\"}\"\n    case \"$key\" in\n      DOMAIN) DOMAIN=\"$val\" ;;\n    esac\n  done < \"$ROOT_ENV\"\nfi\nNOSTR=\"\"; BLOSSOM=\"\"; RELAY=\"\"\nif [ -n \"$DOMAIN\" ]; then\n  NOSTR=\"wss://nostr.$DOMAIN\"\n  BLOSSOM=\"https://blossom.$DOMAIN\"\n  RELAY=\"https://relay.$DOMAIN\"\nelif [ -n \"$BIND\" ]; then\n  RELAY=\"http://$BIND\"\nfi\ncat > \"$OUT\" << SWIFT\n// Auto-generated from .env + relayer/.env — do not edit\nenum RelayerDefaults {\n    static let contractEndpoint = \"$EP\"\n    static let contractID = \"$CID\"\n    static let relayerURL = \"$RELAY\"\n    static let relayerAuthToken = \"$AUTH\"\n    static let defaultNostrRelay = \"$NOSTR\"\n    static let defaultBlossomServer = \"$BLOSSOM\"\n}\nSWIFT\n";
		};
/* End PBXShellScriptBuildPhase section */

/* Begin PBXSourcesBuildPhase section */
		4063E533998C2EEFCEEA7B71 /* Sources */ = {
			isa = PBXSourcesBuildPhase;
			buildActionMask = 2147483647;
			files = (
				76E39A66EA185E3741BB902B /* Phase3Tests.swift in Sources */,
			);
			runOnlyForDeploymentPostprocessing = 0;
		};
		A1F09619AC4E0C9E792E7EC6 /* Sources */ = {
			isa = PBXSourcesBuildPhase;
			buildActionMask = 2147483647;
			files = (
				33D3690E63750E20852336EE /* AudioCache.swift in Sources */,
				E10FD8A2E1B0D8169A2BEB15 /* BlossomClient.swift in Sources */,
				0029F253BA68E6B4CA11E864 /* BootstrapPayload.swift in Sources */,
				A59B1DBBCD75C4882A4A7EF6 /* CallKitProvider.swift in Sources */,
				2DAB2E5F09CA9490F5C7CDF8 /* CallManager.swift in Sources */,
				C78434B5880A2483C3DAF9E9 /* CallView.swift in Sources */,
				4E0468C0A25E658173F4E628 /* ChatGroup.swift in Sources */,
				E54951E56532C7FBD90317DE /* ChatView.swift in Sources */,
				16ADABAE1C78B394179DD74B /* ChatViewModel.swift in Sources */,
				816EB9A5EB988647F86E220B /* ContactAliasStore.swift in Sources */,
				4B45989EA613CA80A4D8FFCB /* ContactsView.swift in Sources */,
				09EC25786F839A9A840E509A /* ContentView.swift in Sources */,
				01083F180D3E8311A7E002C6 /* CreateGroupView.swift in Sources */,
				3B5518BB5C6DB07F6628E7BD /* ForkGroupView.swift in Sources */,
				B5836D3E7760359CFB8C42AC /* GroupCrypto.swift in Sources */,
				833FF1A77449454BF4ADC801 /* GroupInfoView.swift in Sources */,
				D6C3C9E90F39CCA80D2DD029 /* GroupListView.swift in Sources */,
				AE25761903B1EA84D9AFADD2 /* ImageCache.swift in Sources */,
				276E482D1A8B67CFB9B7ADF1 /* InvitationTransport.swift in Sources */,
				7C027F9FEC64BC2471784A58 /* InviteMemberView.swift in Sources */,
				865234AA099329B7E4D41789 /* JoinGroupView.swift in Sources */,
				D80AA787557EC39AC88FF3F3 /* KeyAttestation.swift in Sources */,
				F7159773858364D2C8D16FE1 /* KeyManager.swift in Sources */,
				459BB52914DCD2B789CA689C /* MediaCrypto.swift in Sources */,
				EDF053D5AE1660633B823B48 /* NostrEvent.swift in Sources */,
				EFB9DF389A99555142550086 /* NostrMessageTransport.swift in Sources */,
				F5E26B4C634D5DFCC4ECBD28 /* NostrRelayConnection.swift in Sources */,
				CF17A18CDF1209DC9F6CA369 /* OnChainService.swift in Sources */,
				1F2DC6C7FF3C465CBD31ABA9 /* PendingInvitationsView.swift in Sources */,
				661B24EC80C52FD32C0DB020 /* PersistedModels.swift in Sources */,
				4CF5F8CBF1B249B01EC14D1C /* PersistenceStore.swift in Sources */,
				A49A5C6B2401EEB1847229DE /* QRCodeView.swift in Sources */,
				3EC81E8DA76069452870626F /* QRScannerView.swift in Sources */,
				538C339B8E0F50F72DCB8F72 /* RelayerDefaults.generated.swift in Sources */,
				9EABBA75189DA35E0BA71054 /* SearchView.swift in Sources */,
				1AA0059A3C3D6B195FB5615C /* SecurityLog.swift in Sources */,
				69502F4BED8DAE5BB7CDC5A6 /* SettingsView.swift in Sources */,
				4FC9AB234CCA9BFAA0B112F1 /* StellarChatApp.swift in Sources */,
				95489626E5CAD02D3CDB0207 /* StellarStrKey.swift in Sources */,
				D6847B5213B8820FA30819D7 /* StorageEncryption.swift in Sources */,
				CFC4BB79BE2BD8A37F35D9D2 /* VerificationBadgeView.swift in Sources */,
				1567BD34990CE37FB89521DF /* VideoCache.swift in Sources */,
				90B7D2930C07431EB75DBFB3 /* VoiceRecordButton.swift in Sources */,
			);
			runOnlyForDeploymentPostprocessing = 0;
		};
/* End PBXSourcesBuildPhase section */

/* Begin PBXTargetDependency section */
		0A32383649DC3296484785F9 /* PBXTargetDependency */ = {
			isa = PBXTargetDependency;
			target = 7E1AB0C084DAFEAB2A75FC86 /* StellarChat */;
			targetProxy = 1EFF7167A75DE1FC7EB88FF9 /* PBXContainerItemProxy */;
		};
/* End PBXTargetDependency section */

/* Begin XCBuildConfiguration section */
		0A6E778AF81863D06AC9806B /* Release */ = {
			isa = XCBuildConfiguration;
			buildSettings = {
				ASSETCATALOG_COMPILER_APPICON_NAME = AppIcon;
				CODE_SIGN_IDENTITY = "iPhone Developer";
				CODE_SIGN_STYLE = Automatic;
				CURRENT_PROJECT_VERSION = 1;
				DEVELOPMENT_TEAM = 5V5EUT3ZXJ;
				GENERATE_INFOPLIST_FILE = YES;
				INFOPLIST_FILE = StellarChat/Info.plist;
				INFOPLIST_KEY_UIApplicationSceneManifest_Generation = YES;
				INFOPLIST_KEY_UIApplicationSupportsIndirectInputEvents = YES;
				INFOPLIST_KEY_UILaunchScreen_Generation = YES;
				INFOPLIST_KEY_UISupportedInterfaceOrientations_iPad = "UIInterfaceOrientationPortrait UIInterfaceOrientationPortraitUpsideDown UIInterfaceOrientationLandscapeLeft UIInterfaceOrientationLandscapeRight";
				INFOPLIST_KEY_UISupportedInterfaceOrientations_iPhone = "UIInterfaceOrientationPortrait UIInterfaceOrientationLandscapeLeft UIInterfaceOrientationLandscapeRight";
				LD_RUNPATH_SEARCH_PATHS = (
					"$(inherited)",
					"@executable_path/Frameworks",
				);
				MARKETING_VERSION = 1.0;
				PRODUCT_BUNDLE_IDENTIFIER = com.stellarmls.chat;
				SDKROOT = iphoneos;
				SWIFT_VERSION = 5.0;
				TARGETED_DEVICE_FAMILY = "1,2";
			};
			name = Release;
		};
		0CEC59D4F75C554B514CD84D /* Debug */ = {
			isa = XCBuildConfiguration;
			buildSettings = {
				ALWAYS_SEARCH_USER_PATHS = NO;
				CLANG_ANALYZER_NONNULL = YES;
				CLANG_ANALYZER_NUMBER_OBJECT_CONVERSION = YES_AGGRESSIVE;
				CLANG_CXX_LANGUAGE_STANDARD = "gnu++14";
				CLANG_CXX_LIBRARY = "libc++";
				CLANG_ENABLE_MODULES = YES;
				CLANG_ENABLE_OBJC_ARC = YES;
				CLANG_ENABLE_OBJC_WEAK = YES;
				CLANG_WARN_BLOCK_CAPTURE_AUTORELEASING = YES;
				CLANG_WARN_BOOL_CONVERSION = YES;
				CLANG_WARN_COMMA = YES;
				CLANG_WARN_CONSTANT_CONVERSION = YES;
				CLANG_WARN_DEPRECATED_OBJC_IMPLEMENTATIONS = YES;
				CLANG_WARN_DIRECT_OBJC_ISA_USAGE = YES_ERROR;
				CLANG_WARN_DOCUMENTATION_COMMENTS = YES;
				CLANG_WARN_EMPTY_BODY = YES;
				CLANG_WARN_ENUM_CONVERSION = YES;
				CLANG_WARN_INFINITE_RECURSION = YES;
				CLANG_WARN_INT_CONVERSION = YES;
				CLANG_WARN_NON_LITERAL_NULL_CONVERSION = YES;
				CLANG_WARN_OBJC_IMPLICIT_RETAIN_SELF = YES;
				CLANG_WARN_OBJC_LITERAL_CONVERSION = YES;
				CLANG_WARN_OBJC_ROOT_CLASS = YES_ERROR;
				CLANG_WARN_QUOTED_INCLUDE_IN_FRAMEWORK_HEADER = YES;
				CLANG_WARN_RANGE_LOOP_ANALYSIS = YES;
				CLANG_WARN_STRICT_PROTOTYPES = YES;
				CLANG_WARN_SUSPICIOUS_MOVE = YES;
				CLANG_WARN_UNGUARDED_AVAILABILITY = YES_AGGRESSIVE;
				CLANG_WARN_UNREACHABLE_CODE = YES;
				CLANG_WARN__DUPLICATE_METHOD_MATCH = YES;
				COPY_PHASE_STRIP = NO;
				DEBUG_INFORMATION_FORMAT = dwarf;
				ENABLE_STRICT_OBJC_MSGSEND = YES;
				ENABLE_TESTABILITY = YES;
				GCC_C_LANGUAGE_STANDARD = gnu11;
				GCC_DYNAMIC_NO_PIC = NO;
				GCC_NO_COMMON_BLOCKS = YES;
				GCC_OPTIMIZATION_LEVEL = 0;
				GCC_PREPROCESSOR_DEFINITIONS = (
					"$(inherited)",
					"DEBUG=1",
				);
				GCC_WARN_64_TO_32_BIT_CONVERSION = YES;
				GCC_WARN_ABOUT_RETURN_TYPE = YES_ERROR;
				GCC_WARN_UNDECLARED_SELECTOR = YES;
				GCC_WARN_UNINITIALIZED_AUTOS = YES_AGGRESSIVE;
				GCC_WARN_UNUSED_FUNCTION = YES;
				GCC_WARN_UNUSED_VARIABLE = YES;
				IPHONEOS_DEPLOYMENT_TARGET = 18.0;
				MTL_ENABLE_DEBUG_INFO = INCLUDE_SOURCE;
				MTL_FAST_MATH = YES;
				ONLY_ACTIVE_ARCH = YES;
				PRODUCT_NAME = "$(TARGET_NAME)";
				SDKROOT = iphoneos;
				SWIFT_ACTIVE_COMPILATION_CONDITIONS = DEBUG;
				SWIFT_OPTIMIZATION_LEVEL = "-Onone";
				SWIFT_VERSION = 5.0;
			};
			name = Debug;
		};
		2144E0F76BEB9E875D53FE89 /* Release */ = {
			isa = XCBuildConfiguration;
			buildSettings = {
				BUNDLE_LOADER = "$(TEST_HOST)";
				CODE_SIGN_STYLE = Automatic;
				DEVELOPMENT_TEAM = "";
				GENERATE_INFOPLIST_FILE = YES;
				LD_RUNPATH_SEARCH_PATHS = (
					"$(inherited)",
					"@executable_path/Frameworks",
					"@loader_path/Frameworks",
				);
				PRODUCT_BUNDLE_IDENTIFIER = com.stellarmls.chat.tests;
				SDKROOT = iphoneos;
				SWIFT_VERSION = 5.0;
				TARGETED_DEVICE_FAMILY = "1,2";
				TEST_HOST = "$(BUILT_PRODUCTS_DIR)/StellarChat.app/$(BUNDLE_EXECUTABLE_FOLDER_PATH)/StellarChat";
			};
			name = Release;
		};
		5BFA34BBF8BEE7E9BF93438A /* Debug */ = {
			isa = XCBuildConfiguration;
			buildSettings = {
				ASSETCATALOG_COMPILER_APPICON_NAME = AppIcon;
				CODE_SIGN_IDENTITY = "iPhone Developer";
				CODE_SIGN_STYLE = Automatic;
				CURRENT_PROJECT_VERSION = 1;
				DEVELOPMENT_TEAM = 5V5EUT3ZXJ;
				GENERATE_INFOPLIST_FILE = YES;
				INFOPLIST_FILE = StellarChat/Info.plist;
				INFOPLIST_KEY_UIApplicationSceneManifest_Generation = YES;
				INFOPLIST_KEY_UIApplicationSupportsIndirectInputEvents = YES;
				INFOPLIST_KEY_UILaunchScreen_Generation = YES;
				INFOPLIST_KEY_UISupportedInterfaceOrientations_iPad = "UIInterfaceOrientationPortrait UIInterfaceOrientationPortraitUpsideDown UIInterfaceOrientationLandscapeLeft UIInterfaceOrientationLandscapeRight";
				INFOPLIST_KEY_UISupportedInterfaceOrientations_iPhone = "UIInterfaceOrientationPortrait UIInterfaceOrientationLandscapeLeft UIInterfaceOrientationLandscapeRight";
				LD_RUNPATH_SEARCH_PATHS = (
					"$(inherited)",
					"@executable_path/Frameworks",
				);
				MARKETING_VERSION = 1.0;
				PRODUCT_BUNDLE_IDENTIFIER = com.stellarmls.chat;
				SDKROOT = iphoneos;
				SWIFT_VERSION = 5.0;
				TARGETED_DEVICE_FAMILY = "1,2";
			};
			name = Debug;
		};
		C72ABB3D15FE56679A8A8A19 /* Debug */ = {
			isa = XCBuildConfiguration;
			buildSettings = {
				BUNDLE_LOADER = "$(TEST_HOST)";
				CODE_SIGN_STYLE = Automatic;
				DEVELOPMENT_TEAM = "";
				GENERATE_INFOPLIST_FILE = YES;
				LD_RUNPATH_SEARCH_PATHS = (
					"$(inherited)",
					"@executable_path/Frameworks",
					"@loader_path/Frameworks",
				);
				PRODUCT_BUNDLE_IDENTIFIER = com.stellarmls.chat.tests;
				SDKROOT = iphoneos;
				SWIFT_VERSION = 5.0;
				TARGETED_DEVICE_FAMILY = "1,2";
				TEST_HOST = "$(BUILT_PRODUCTS_DIR)/StellarChat.app/$(BUNDLE_EXECUTABLE_FOLDER_PATH)/StellarChat";
			};
			name = Debug;
		};
		F56A291E6EDB312323FF4609 /* Release */ = {
			isa = XCBuildConfiguration;
			buildSettings = {
				ALWAYS_SEARCH_USER_PATHS = NO;
				CLANG_ANALYZER_NONNULL = YES;
				CLANG_ANALYZER_NUMBER_OBJECT_CONVERSION = YES_AGGRESSIVE;
				CLANG_CXX_LANGUAGE_STANDARD = "gnu++14";
				CLANG_CXX_LIBRARY = "libc++";
				CLANG_ENABLE_MODULES = YES;
				CLANG_ENABLE_OBJC_ARC = YES;
				CLANG_ENABLE_OBJC_WEAK = YES;
				CLANG_WARN_BLOCK_CAPTURE_AUTORELEASING = YES;
				CLANG_WARN_BOOL_CONVERSION = YES;
				CLANG_WARN_COMMA = YES;
				CLANG_WARN_CONSTANT_CONVERSION = YES;
				CLANG_WARN_DEPRECATED_OBJC_IMPLEMENTATIONS = YES;
				CLANG_WARN_DIRECT_OBJC_ISA_USAGE = YES_ERROR;
				CLANG_WARN_DOCUMENTATION_COMMENTS = YES;
				CLANG_WARN_EMPTY_BODY = YES;
				CLANG_WARN_ENUM_CONVERSION = YES;
				CLANG_WARN_INFINITE_RECURSION = YES;
				CLANG_WARN_INT_CONVERSION = YES;
				CLANG_WARN_NON_LITERAL_NULL_CONVERSION = YES;
				CLANG_WARN_OBJC_IMPLICIT_RETAIN_SELF = YES;
				CLANG_WARN_OBJC_LITERAL_CONVERSION = YES;
				CLANG_WARN_OBJC_ROOT_CLASS = YES_ERROR;
				CLANG_WARN_QUOTED_INCLUDE_IN_FRAMEWORK_HEADER = YES;
				CLANG_WARN_RANGE_LOOP_ANALYSIS = YES;
				CLANG_WARN_STRICT_PROTOTYPES = YES;
				CLANG_WARN_SUSPICIOUS_MOVE = YES;
				CLANG_WARN_UNGUARDED_AVAILABILITY = YES_AGGRESSIVE;
				CLANG_WARN_UNREACHABLE_CODE = YES;
				CLANG_WARN__DUPLICATE_METHOD_MATCH = YES;
				COPY_PHASE_STRIP = NO;
				DEBUG_INFORMATION_FORMAT = "dwarf-with-dsym";
				ENABLE_NS_ASSERTIONS = NO;
				ENABLE_STRICT_OBJC_MSGSEND = YES;
				GCC_C_LANGUAGE_STANDARD = gnu11;
				GCC_NO_COMMON_BLOCKS = YES;
				GCC_WARN_64_TO_32_BIT_CONVERSION = YES;
				GCC_WARN_ABOUT_RETURN_TYPE = YES_ERROR;
				GCC_WARN_UNDECLARED_SELECTOR = YES;
				GCC_WARN_UNINITIALIZED_AUTOS = YES_AGGRESSIVE;
				GCC_WARN_UNUSED_FUNCTION = YES;
				GCC_WARN_UNUSED_VARIABLE = YES;
				IPHONEOS_DEPLOYMENT_TARGET = 18.0;
				MTL_ENABLE_DEBUG_INFO = NO;
				MTL_FAST_MATH = YES;
				PRODUCT_NAME = "$(TARGET_NAME)";
				SDKROOT = iphoneos;
				SWIFT_COMPILATION_MODE = wholemodule;
				SWIFT_OPTIMIZATION_LEVEL = "-O";
				SWIFT_VERSION = 5.0;
			};
			name = Release;
		};
/* End XCBuildConfiguration section */

/* Begin XCConfigurationList section */
		1EE889F5EF36FC07081382F5 /* Build configuration list for PBXProject "StellarChat" */ = {
			isa = XCConfigurationList;
			buildConfigurations = (
				0CEC59D4F75C554B514CD84D /* Debug */,
				F56A291E6EDB312323FF4609 /* Release */,
			);
			defaultConfigurationIsVisible = 0;
			defaultConfigurationName = Debug;
		};
		8F07CBB989550D4B7B6A79F5 /* Build configuration list for PBXNativeTarget "StellarChatTests" */ = {
			isa = XCConfigurationList;
			buildConfigurations = (
				C72ABB3D15FE56679A8A8A19 /* Debug */,
				2144E0F76BEB9E875D53FE89 /* Release */,
			);
			defaultConfigurationIsVisible = 0;
			defaultConfigurationName = Debug;
		};
		AD86622DBF90D7F9FE95EC3B /* Build configuration list for PBXNativeTarget "StellarChat" */ = {
			isa = XCConfigurationList;
			buildConfigurations = (
				5BFA34BBF8BEE7E9BF93438A /* Debug */,
				0A6E778AF81863D06AC9806B /* Release */,
			);
			defaultConfigurationIsVisible = 0;
			defaultConfigurationName = Debug;
		};
/* End XCConfigurationList section */

/* Begin XCLocalSwiftPackageReference section */
		F33EE2A00CAA98337DB93D99 /* XCLocalSwiftPackageReference "../../../swift-mls" */ = {
			isa = XCLocalSwiftPackageReference;
			relativePath = "../../../swift-mls";
		};
/* End XCLocalSwiftPackageReference section */

/* Begin XCRemoteSwiftPackageReference section */
		4412B59CEE4013FEAFA94A8F /* XCRemoteSwiftPackageReference "WebRTC" */ = {
			isa = XCRemoteSwiftPackageReference;
			repositoryURL = "https://github.com/stasel/WebRTC.git";
			requirement = {
				kind = upToNextMajorVersion;
				minimumVersion = 146.0.0;
			};
		};
/* End XCRemoteSwiftPackageReference section */

/* Begin XCSwiftPackageProductDependency section */
		3316A7A4CF4C52BEBFF32B30 /* WebRTC */ = {
			isa = XCSwiftPackageProductDependency;
			package = 4412B59CEE4013FEAFA94A8F /* XCRemoteSwiftPackageReference "WebRTC" */;
			productName = WebRTC;
		};
		48F22356AB515994AECC167E /* SwiftMLS */ = {
			isa = XCSwiftPackageProductDependency;
			productName = SwiftMLS;
		};
		93FDE6A85EACB5AD144480F3 /* SwiftMLS */ = {
			isa = XCSwiftPackageProductDependency;
			productName = SwiftMLS;
		};
/* End XCSwiftPackageProductDependency section */
	};
	rootObject = 251E05B18A6ED69B293D52CC /* Project object */;
}
